
Microsoft Visual Studio Solution File, Format Version 12.00
# Visual Studio Version 17
VisualStudioVersion = 17.2.32616.157
MinimumVisualStudioVersion = 10.0.40219.1
Project("{9A19103F-16F7-4668-BE54-9A1E7A4F7556}") = "GerenciadorDeCinema.ConsoleApp", "GerenciadorDeCinema.ConsoleApp\GerenciadorDeCinema.ConsoleApp.csproj", "{1EEF70D1-E068-46A6-83F4-F8557E965BD5}"
EndProject
Project("{2150E333-8FDC-42A3-9474-1A3956D46DE8}") = "1 - Apresentação", "1 - Apresentação", "{E8F23590-9090-4460-B826-DFE54B470291}"
EndProject
Project("{2150E333-8FDC-42A3-9474-1A3956D46DE8}") = "2 - Domínio", "2 - Domínio", "{33D06F63-70FB-45D0-8A8D-04269DADAA0D}"
EndProject
Project("{9A19103F-16F7-4668-BE54-9A1E7A4F7556}") = "GerenciadorDeCinema.Dominio", "GerenciadorDeCinema.Dominio\GerenciadorDeCinema.Dominio.csproj", "{2C5B4A33-51E4-461A-8456-C9E64C65CCF3}"
EndProject
Project("{2150E333-8FDC-42A3-9474-1A3956D46DE8}") = "3 - Infra", "3 - Infra", "{E22AA3F9-C1FB-4C1B-9295-E1A6DD160BBC}"
EndProject
Project("{2150E333-8FDC-42A3-9474-1A3956D46DE8}") = "Orm", "Orm", "{BCA9F7D1-CC92-4906-9B28-290A12AB677F}"
EndProject
Project("{9A19103F-16F7-4668-BE54-9A1E7A4F7556}") = "GerenciadorDeCinema.Infra.Orm", "GerenciadorDeCinema.Infra.Orm\GerenciadorDeCinema.Infra.Orm.csproj", "{F514D6CA-B78B-4D25-9296-59BF1C014578}"
EndProject
Project("{2150E333-8FDC-42A3-9474-1A3956D46DE8}") = "BancoDeDados", "BancoDeDados", "{0ED49682-02F4-4AEB-A3A1-F3EFA2A661E4}"
EndProject
Project("{2150E333-8FDC-42A3-9474-1A3956D46DE8}") = "4 - Aplicação", "4 - Aplicação", "{4BF680AF-962A-4BAF-993A-CC1791183FA7}"
EndProject
Project("{9A19103F-16F7-4668-BE54-9A1E7A4F7556}") = "GerenciadorDeCinema.Aplicacao", "GerenciadorDeCinema.Aplicacao\GerenciadorDeCinema.Aplicacao.csproj", "{39796D3B-6823-46C8-B2F1-EDD162FB246E}"
EndProject
Project("{2150E333-8FDC-42A3-9474-1A3956D46DE8}") = "6 - Testes", "6 - Testes", "{03EB8B7A-87FB-4097-9EB1-ED481DC57C81}"
EndProject
Project("{2150E333-8FDC-42A3-9474-1A3956D46DE8}") = "Testes Unitários", "Testes Unitários", "{1E6A8815-A671-4593-A071-805CA79A0978}"
EndProject
Project("{9A19103F-16F7-4668-BE54-9A1E7A4F7556}") = "GerenciadorDeCinema.Dominio.Tests", "GerenciadorDeCinema.Dominio.Tests\GerenciadorDeCinema.Dominio.Tests.csproj", "{ED529F13-4C73-4380-B7D0-E4A8066E48AC}"
EndProject
Project("{2150E333-8FDC-42A3-9474-1A3956D46DE8}") = "5 - Distribuição", "5 - Distribuição", "{FD7B0A41-3A29-458F-9FB2-8F8589E4CBCB}"
EndProject
Project("{9A19103F-16F7-4668-BE54-9A1E7A4F7556}") = "GerenciadorDeCinema.WebApi", "GerenciadorDeCinema.WebApi\GerenciadorDeCinema.WebApi.csproj", "{D23DE25C-26C9-45F6-B21D-38BC03138196}"
EndProject
Project("{2150E333-8FDC-42A3-9474-1A3956D46DE8}") = "Testes de Integração", "Testes de Integração", "{5A5A1471-5411-49E8-8B66-20C155DA95E9}"
EndProject
Project("{FAE04EC0-301F-11D3-BF4B-00C04F79EFBC}") = "GerenciadorDeCinema.Integração.Tests", "GerenciadorDeCinema.Integração.Tests\GerenciadorDeCinema.Integração.Tests.csproj", "{F6ADF80F-7862-44D7-8881-48F36332BE5D}"
EndProject
Global
	GlobalSection(SolutionConfigurationPlatforms) = preSolution
		Debug|Any CPU = Debug|Any CPU
		Release|Any CPU = Release|Any CPU
	EndGlobalSection
	GlobalSection(ProjectConfigurationPlatforms) = postSolution
		{1EEF70D1-E068-46A6-83F4-F8557E965BD5}.Debug|Any CPU.ActiveCfg = Debug|Any CPU
		{1EEF70D1-E068-46A6-83F4-F8557E965BD5}.Debug|Any CPU.Build.0 = Debug|Any CPU
		{1EEF70D1-E068-46A6-83F4-F8557E965BD5}.Release|Any CPU.ActiveCfg = Release|Any CPU
		{1EEF70D1-E068-46A6-83F4-F8557E965BD5}.Release|Any CPU.Build.0 = Release|Any CPU
		{2C5B4A33-51E4-461A-8456-C9E64C65CCF3}.Debug|Any CPU.ActiveCfg = Debug|Any CPU
		{2C5B4A33-51E4-461A-8456-C9E64C65CCF3}.Debug|Any CPU.Build.0 = Debug|Any CPU
		{2C5B4A33-51E4-461A-8456-C9E64C65CCF3}.Release|Any CPU.ActiveCfg = Release|Any CPU
		{2C5B4A33-51E4-461A-8456-C9E64C65CCF3}.Release|Any CPU.Build.0 = Release|Any CPU
		{F514D6CA-B78B-4D25-9296-59BF1C014578}.Debug|Any CPU.ActiveCfg = Debug|Any CPU
		{F514D6CA-B78B-4D25-9296-59BF1C014578}.Debug|Any CPU.Build.0 = Debug|Any CPU
		{F514D6CA-B78B-4D25-9296-59BF1C014578}.Release|Any CPU.ActiveCfg = Release|Any CPU
		{F514D6CA-B78B-4D25-9296-59BF1C014578}.Release|Any CPU.Build.0 = Release|Any CPU
		{39796D3B-6823-46C8-B2F1-EDD162FB246E}.Debug|Any CPU.ActiveCfg = Debug|Any CPU
		{39796D3B-6823-46C8-B2F1-EDD162FB246E}.Debug|Any CPU.Build.0 = Debug|Any CPU
		{39796D3B-6823-46C8-B2F1-EDD162FB246E}.Release|Any CPU.ActiveCfg = Release|Any CPU
		{39796D3B-6823-46C8-B2F1-EDD162FB246E}.Release|Any CPU.Build.0 = Release|Any CPU
		{ED529F13-4C73-4380-B7D0-E4A8066E48AC}.Debug|Any CPU.ActiveCfg = Debug|Any CPU
		{ED529F13-4C73-4380-B7D0-E4A8066E48AC}.Debug|Any CPU.Build.0 = Debug|Any CPU
		{ED529F13-4C73-4380-B7D0-E4A8066E48AC}.Release|Any CPU.ActiveCfg = Release|Any CPU
		{ED529F13-4C73-4380-B7D0-E4A8066E48AC}.Release|Any CPU.Build.0 = Release|Any CPU
		{D23DE25C-26C9-45F6-B21D-38BC03138196}.Debug|Any CPU.ActiveCfg = Debug|Any CPU
		{D23DE25C-26C9-45F6-B21D-38BC03138196}.Debug|Any CPU.Build.0 = Debug|Any CPU
		{D23DE25C-26C9-45F6-B21D-38BC03138196}.Release|Any CPU.ActiveCfg = Release|Any CPU
		{D23DE25C-26C9-45F6-B21D-38BC03138196}.Release|Any CPU.Build.0 = Release|Any CPU
		{F6ADF80F-7862-44D7-8881-48F36332BE5D}.Debug|Any CPU.ActiveCfg = Debug|Any CPU
		{F6ADF80F-7862-44D7-8881-48F36332BE5D}.Debug|Any CPU.Build.0 = Debug|Any CPU
		{F6ADF80F-7862-44D7-8881-48F36332BE5D}.Release|Any CPU.ActiveCfg = Release|Any CPU
		{F6ADF80F-7862-44D7-8881-48F36332BE5D}.Release|Any CPU.Build.0 = Release|Any CPU
	EndGlobalSection
	GlobalSection(SolutionProperties) = preSolution
		HideSolutionNode = FALSE
	EndGlobalSection
	GlobalSection(NestedProjects) = preSolution
		{1EEF70D1-E068-46A6-83F4-F8557E965BD5} = {E8F23590-9090-4460-B826-DFE54B470291}
		{2C5B4A33-51E4-461A-8456-C9E64C65CCF3} = {33D06F63-70FB-45D0-8A8D-04269DADAA0D}
		{BCA9F7D1-CC92-4906-9B28-290A12AB677F} = {0ED49682-02F4-4AEB-A3A1-F3EFA2A661E4}
		{F514D6CA-B78B-4D25-9296-59BF1C014578} = {BCA9F7D1-CC92-4906-9B28-290A12AB677F}
		{0ED49682-02F4-4AEB-A3A1-F3EFA2A661E4} = {E22AA3F9-C1FB-4C1B-9295-E1A6DD160BBC}
		{39796D3B-6823-46C8-B2F1-EDD162FB246E} = {4BF680AF-962A-4BAF-993A-CC1791183FA7}
		{1E6A8815-A671-4593-A071-805CA79A0978} = {03EB8B7A-87FB-4097-9EB1-ED481DC57C81}
		{ED529F13-4C73-4380-B7D0-E4A8066E48AC} = {1E6A8815-A671-4593-A071-805CA79A0978}
		{D23DE25C-26C9-45F6-B21D-38BC03138196} = {FD7B0A41-3A29-458F-9FB2-8F8589E4CBCB}
		{5A5A1471-5411-49E8-8B66-20C155DA95E9} = {03EB8B7A-87FB-4097-9EB1-ED481DC57C81}
		{F6ADF80F-7862-44D7-8881-48F36332BE5D} = {5A5A1471-5411-49E8-8B66-20C155DA95E9}
	EndGlobalSection
	GlobalSection(ExtensibilityGlobals) = postSolution
		SolutionGuid = {E23664C4-F510-4D57-A57D-E93AFE9D9C74}
	EndGlobalSection
EndGlobal
